
Microsoft Visual Studio Solution File, Format Version 12.00
# Visual Studio 15
VisualStudioVersion = 15.0.27004.2005
MinimumVisualStudioVersion = 10.0.40219.1
Project("{FAE04EC0-301F-11D3-BF4B-00C04F79EFBC}") = "Techbart.Core", "Techbart.Core\Techbart.Core.csproj", "{898F40B8-9113-47A7-A50F-F2A01E72812B}"
EndProject
Project("{FAE04EC0-301F-11D3-BF4B-00C04F79EFBC}") = "Techbart", "Techbart\Techbart.csproj", "{81162B27-EBED-40D3-B92B-2749A40A3502}"
EndProject
Project("{FAE04EC0-301F-11D3-BF4B-00C04F79EFBC}") = "AdminDashboard", "AdminDashboard\AdminDashboard.csproj", "{D863EFF7-D7A6-427B-B48E-14474918CAAB}"
EndProject
Project("{FAE04EC0-301F-11D3-BF4B-00C04F79EFBC}") = "TechbartApi", "TechbartApi\TechbartApi.csproj", "{CF309CB7-90B8-4F6A-B72D-782974A87908}"
EndProject
Project("{FAE04EC0-301F-11D3-BF4B-00C04F79EFBC}") = "Techbart.DB", "Techbart.DB\Techbart.DB.csproj", "{D56DFC14-825D-429C-9457-8B8639D128A0}"
EndProject
Project("{FAE04EC0-301F-11D3-BF4B-00C04F79EFBC}") = "AdminDashboard.Core", "AdminDashboard.Core\AdminDashboard.Core.csproj", "{036ECAE6-2A6A-4892-9A64-7EE4D6EB7276}"
EndProject
Global
	GlobalSection(SolutionConfigurationPlatforms) = preSolution
		Debug|Any CPU = Debug|Any CPU
		Debug|ARM = Debug|ARM
		Debug|x64 = Debug|x64
		Debug|x86 = Debug|x86
		Release|Any CPU = Release|Any CPU
		Release|ARM = Release|ARM
		Release|x64 = Release|x64
		Release|x86 = Release|x86
	EndGlobalSection
	GlobalSection(ProjectConfigurationPlatforms) = postSolution
		{898F40B8-9113-47A7-A50F-F2A01E72812B}.Debug|Any CPU.ActiveCfg = Debug|Any CPU
		{898F40B8-9113-47A7-A50F-F2A01E72812B}.Debug|Any CPU.Build.0 = Debug|Any CPU
		{898F40B8-9113-47A7-A50F-F2A01E72812B}.Debug|ARM.ActiveCfg = Debug|Any CPU
		{898F40B8-9113-47A7-A50F-F2A01E72812B}.Debug|ARM.Build.0 = Debug|Any CPU
		{898F40B8-9113-47A7-A50F-F2A01E72812B}.Debug|x64.ActiveCfg = Debug|Any CPU
		{898F40B8-9113-47A7-A50F-F2A01E72812B}.Debug|x64.Build.0 = Debug|Any CPU
		{898F40B8-9113-47A7-A50F-F2A01E72812B}.Debug|x86.ActiveCfg = Debug|Any CPU
		{898F40B8-9113-47A7-A50F-F2A01E72812B}.Debug|x86.Build.0 = Debug|Any CPU
		{898F40B8-9113-47A7-A50F-F2A01E72812B}.Release|Any CPU.ActiveCfg = Release|Any CPU
		{898F40B8-9113-47A7-A50F-F2A01E72812B}.Release|Any CPU.Build.0 = Release|Any CPU
		{898F40B8-9113-47A7-A50F-F2A01E72812B}.Release|ARM.ActiveCfg = Release|Any CPU
		{898F40B8-9113-47A7-A50F-F2A01E72812B}.Release|ARM.Build.0 = Release|Any CPU
		{898F40B8-9113-47A7-A50F-F2A01E72812B}.Release|x64.ActiveCfg = Release|Any CPU
		{898F40B8-9113-47A7-A50F-F2A01E72812B}.Release|x64.Build.0 = Release|Any CPU
		{898F40B8-9113-47A7-A50F-F2A01E72812B}.Release|x86.ActiveCfg = Release|Any CPU
		{898F40B8-9113-47A7-A50F-F2A01E72812B}.Release|x86.Build.0 = Release|Any CPU
		{81162B27-EBED-40D3-B92B-2749A40A3502}.Debug|Any CPU.ActiveCfg = Debug|Any CPU
		{81162B27-EBED-40D3-B92B-2749A40A3502}.Debug|Any CPU.Build.0 = Debug|Any CPU
		{81162B27-EBED-40D3-B92B-2749A40A3502}.Debug|ARM.ActiveCfg = Debug|Any CPU
		{81162B27-EBED-40D3-B92B-2749A40A3502}.Debug|ARM.Build.0 = Debug|Any CPU
		{81162B27-EBED-40D3-B92B-2749A40A3502}.Debug|x64.ActiveCfg = Debug|Any CPU
		{81162B27-EBED-40D3-B92B-2749A40A3502}.Debug|x64.Build.0 = Debug|Any CPU
		{81162B27-EBED-40D3-B92B-2749A40A3502}.Debug|x86.ActiveCfg = Debug|Any CPU
		{81162B27-EBED-40D3-B92B-2749A40A3502}.Debug|x86.Build.0 = Debug|Any CPU
		{81162B27-EBED-40D3-B92B-2749A40A3502}.Release|Any CPU.ActiveCfg = Release|Any CPU
		{81162B27-EBED-40D3-B92B-2749A40A3502}.Release|Any CPU.Build.0 = Release|Any CPU
		{81162B27-EBED-40D3-B92B-2749A40A3502}.Release|ARM.ActiveCfg = Release|Any CPU
		{81162B27-EBED-40D3-B92B-2749A40A3502}.Release|ARM.Build.0 = Release|Any CPU
		{81162B27-EBED-40D3-B92B-2749A40A3502}.Release|x64.ActiveCfg = Release|Any CPU
		{81162B27-EBED-40D3-B92B-2749A40A3502}.Release|x64.Build.0 = Release|Any CPU
		{81162B27-EBED-40D3-B92B-2749A40A3502}.Release|x86.ActiveCfg = Release|Any CPU
		{81162B27-EBED-40D3-B92B-2749A40A3502}.Release|x86.Build.0 = Release|Any CPU
		{D863EFF7-D7A6-427B-B48E-14474918CAAB}.Debug|Any CPU.ActiveCfg = Debug|Any CPU
		{D863EFF7-D7A6-427B-B48E-14474918CAAB}.Debug|Any CPU.Build.0 = Debug|Any CPU
		{D863EFF7-D7A6-427B-B48E-14474918CAAB}.Debug|ARM.ActiveCfg = Debug|Any CPU
		{D863EFF7-D7A6-427B-B48E-14474918CAAB}.Debug|ARM.Build.0 = Debug|Any CPU
		{D863EFF7-D7A6-427B-B48E-14474918CAAB}.Debug|x64.ActiveCfg = Debug|Any CPU
		{D863EFF7-D7A6-427B-B48E-14474918CAAB}.Debug|x64.Build.0 = Debug|Any CPU
		{D863EFF7-D7A6-427B-B48E-14474918CAAB}.Debug|x86.ActiveCfg = Debug|Any CPU
		{D863EFF7-D7A6-427B-B48E-14474918CAAB}.Debug|x86.Build.0 = Debug|Any CPU
		{D863EFF7-D7A6-427B-B48E-14474918CAAB}.Release|Any CPU.ActiveCfg = Release|Any CPU
		{D863EFF7-D7A6-427B-B48E-14474918CAAB}.Release|Any CPU.Build.0 = Release|Any CPU
		{D863EFF7-D7A6-427B-B48E-14474918CAAB}.Release|ARM.ActiveCfg = Release|Any CPU
		{D863EFF7-D7A6-427B-B48E-14474918CAAB}.Release|ARM.Build.0 = Release|Any CPU
		{D863EFF7-D7A6-427B-B48E-14474918CAAB}.Release|x64.ActiveCfg = Release|Any CPU
		{D863EFF7-D7A6-427B-B48E-14474918CAAB}.Release|x64.Build.0 = Release|Any CPU
		{D863EFF7-D7A6-427B-B48E-14474918CAAB}.Release|x86.ActiveCfg = Release|Any CPU
		{D863EFF7-D7A6-427B-B48E-14474918CAAB}.Release|x86.Build.0 = Release|Any CPU
		{CF309CB7-90B8-4F6A-B72D-782974A87908}.Debug|Any CPU.ActiveCfg = Debug|Any CPU
		{CF309CB7-90B8-4F6A-B72D-782974A87908}.Debug|Any CPU.Build.0 = Debug|Any CPU
		{CF309CB7-90B8-4F6A-B72D-782974A87908}.Debug|ARM.ActiveCfg = Debug|Any CPU
		{CF309CB7-90B8-4F6A-B72D-782974A87908}.Debug|ARM.Build.0 = Debug|Any CPU
		{CF309CB7-90B8-4F6A-B72D-782974A87908}.Debug|x64.ActiveCfg = Debug|Any CPU
		{CF309CB7-90B8-4F6A-B72D-782974A87908}.Debug|x64.Build.0 = Debug|Any CPU
		{CF309CB7-90B8-4F6A-B72D-782974A87908}.Debug|x86.ActiveCfg = Debug|Any CPU
		{CF309CB7-90B8-4F6A-B72D-782974A87908}.Debug|x86.Build.0 = Debug|Any CPU
		{CF309CB7-90B8-4F6A-B72D-782974A87908}.Release|Any CPU.ActiveCfg = Release|Any CPU
		{CF309CB7-90B8-4F6A-B72D-782974A87908}.Release|Any CPU.Build.0 = Release|Any CPU
		{CF309CB7-90B8-4F6A-B72D-782974A87908}.Release|ARM.ActiveCfg = Release|Any CPU
		{CF309CB7-90B8-4F6A-B72D-782974A87908}.Release|ARM.Build.0 = Release|Any CPU
		{CF309CB7-90B8-4F6A-B72D-782974A87908}.Release|x64.ActiveCfg = Release|Any CPU
		{CF309CB7-90B8-4F6A-B72D-782974A87908}.Release|x64.Build.0 = Release|Any CPU
		{CF309CB7-90B8-4F6A-B72D-782974A87908}.Release|x86.ActiveCfg = Release|Any CPU
		{CF309CB7-90B8-4F6A-B72D-782974A87908}.Release|x86.Build.0 = Release|Any CPU
		{D56DFC14-825D-429C-9457-8B8639D128A0}.Debug|Any CPU.ActiveCfg = Debug|Any CPU
		{D56DFC14-825D-429C-9457-8B8639D128A0}.Debug|Any CPU.Build.0 = Debug|Any CPU
		{D56DFC14-825D-429C-9457-8B8639D128A0}.Debug|ARM.ActiveCfg = Debug|Any CPU
		{D56DFC14-825D-429C-9457-8B8639D128A0}.Debug|ARM.Build.0 = Debug|Any CPU
		{D56DFC14-825D-429C-9457-8B8639D128A0}.Debug|x64.ActiveCfg = Debug|Any CPU
		{D56DFC14-825D-429C-9457-8B8639D128A0}.Debug|x64.Build.0 = Debug|Any CPU
		{D56DFC14-825D-429C-9457-8B8639D128A0}.Debug|x86.ActiveCfg = Debug|Any CPU
		{D56DFC14-825D-429C-9457-8B8639D128A0}.Debug|x86.Build.0 = Debug|Any CPU
		{D56DFC14-825D-429C-9457-8B8639D128A0}.Release|Any CPU.ActiveCfg = Release|Any CPU
		{D56DFC14-825D-429C-9457-8B8639D128A0}.Release|Any CPU.Build.0 = Release|Any CPU
		{D56DFC14-825D-429C-9457-8B8639D128A0}.Release|ARM.ActiveCfg = Release|Any CPU
		{D56DFC14-825D-429C-9457-8B8639D128A0}.Release|ARM.Build.0 = Release|Any CPU
		{D56DFC14-825D-429C-9457-8B8639D128A0}.Release|x64.ActiveCfg = Release|Any CPU
		{D56DFC14-825D-429C-9457-8B8639D128A0}.Release|x64.Build.0 = Release|Any CPU
		{D56DFC14-825D-429C-9457-8B8639D128A0}.Release|x86.ActiveCfg = Release|Any CPU
		{D56DFC14-825D-429C-9457-8B8639D128A0}.Release|x86.Build.0 = Release|Any CPU
		{036ECAE6-2A6A-4892-9A64-7EE4D6EB7276}.Debug|Any CPU.ActiveCfg = Debug|Any CPU
		{036ECAE6-2A6A-4892-9A64-7EE4D6EB7276}.Debug|Any CPU.Build.0 = Debug|Any CPU
		{036ECAE6-2A6A-4892-9A64-7EE4D6EB7276}.Debug|ARM.ActiveCfg = Debug|Any CPU
		{036ECAE6-2A6A-4892-9A64-7EE4D6EB7276}.Debug|ARM.Build.0 = Debug|Any CPU
		{036ECAE6-2A6A-4892-9A64-7EE4D6EB7276}.Debug|x64.ActiveCfg = Debug|Any CPU
		{036ECAE6-2A6A-4892-9A64-7EE4D6EB7276}.Debug|x64.Build.0 = Debug|Any CPU
		{036ECAE6-2A6A-4892-9A64-7EE4D6EB7276}.Debug|x86.ActiveCfg = Debug|Any CPU
		{036ECAE6-2A6A-4892-9A64-7EE4D6EB7276}.Debug|x86.Build.0 = Debug|Any CPU
		{036ECAE6-2A6A-4892-9A64-7EE4D6EB7276}.Release|Any CPU.ActiveCfg = Release|Any CPU
		{036ECAE6-2A6A-4892-9A64-7EE4D6EB7276}.Release|Any CPU.Build.0 = Release|Any CPU
		{036ECAE6-2A6A-4892-9A64-7EE4D6EB7276}.Release|ARM.ActiveCfg = Release|Any CPU
		{036ECAE6-2A6A-4892-9A64-7EE4D6EB7276}.Release|ARM.Build.0 = Release|Any CPU
		{036ECAE6-2A6A-4892-9A64-7EE4D6EB7276}.Release|x64.ActiveCfg = Release|Any CPU
		{036ECAE6-2A6A-4892-9A64-7EE4D6EB7276}.Release|x64.Build.0 = Release|Any CPU
		{036ECAE6-2A6A-4892-9A64-7EE4D6EB7276}.Release|x86.ActiveCfg = Release|Any CPU
		{036ECAE6-2A6A-4892-9A64-7EE4D6EB7276}.Release|x86.Build.0 = Release|Any CPU
	EndGlobalSection
	GlobalSection(SolutionProperties) = preSolution
		HideSolutionNode = FALSE
	EndGlobalSection
	GlobalSection(ExtensibilityGlobals) = postSolution
		SolutionGuid = {60EC6680-F501-413C-AC80-45A27F435F0B}
	EndGlobalSection
EndGlobal
